
Microsoft Visual Studio Solution File, Format Version 12.00
# Visual Studio Version 17
VisualStudioVersion = 17.12.35506.116
MinimumVisualStudioVersion = 10.0.40219.1
Project("{FAE04EC0-301F-11D3-BF4B-00C04F79EFBC}") = "FoodTruckCentral.Mobile", "FoodTruckCentral.mobile\FoodTruckCentral.Mobile.csproj", "{333FF55A-1C69-4FAA-B152-E5C3A2673B6E}"
EndProject
Global
	GlobalSection(SolutionConfigurationPlatforms) = preSolution
		Debug|Any CPU = Debug|Any CPU
		Release|Any CPU = Release|Any CPU
	EndGlobalSection
	GlobalSection(ProjectConfigurationPlatforms) = postSolution
		{333FF55A-1C69-4FAA-B152-E5C3A2673B6E}.Debug|Any CPU.ActiveCfg = Debug|Any CPU
		{333FF55A-1C69-4FAA-B152-E5C3A2673B6E}.Debug|Any CPU.Build.0 = Debug|Any CPU
		{333FF55A-1C69-4FAA-B152-E5C3A2673B6E}.Release|Any CPU.ActiveCfg = Release|Any CPU
		{333FF55A-1C69-4FAA-B152-E5C3A2673B6E}.Release|Any CPU.Build.0 = Release|Any CPU
	EndGlobalSection
	GlobalSection(SolutionProperties) = preSolution
		HideSolutionNode = FALSE
	EndGlobalSection
EndGlobal
